{
  "name": "Office Add-Ins",
  "lockfileVersion": 3,
  "requires": true,
  "packages": {
    "": {
      "dependencies": {
        "@pnp/common": "^2.15.0",
        "@pnp/graph": "^4.7.0",
        "@pnp/logging": "^4.7.0",
        "@pnp/odata": "^2.15.0",
        "@pnp/sp": "^4.7.0"
      }
    },
    "node_modules/@microsoft/microsoft-graph-types": {
      "version": "2.40.0",
      "resolved": "https://registry.npmjs.org/@microsoft/microsoft-graph-types/-/microsoft-graph-types-2.40.0.tgz",
      "integrity": "sha512-1fcPVrB/NkbNcGNfCy+Cgnvwxt6/sbIEEFgZHFBJ670zYLegENYJF8qMo7x3LqBjWX2/Eneq5BVVRCLTmlJN+g==",
      "license": "MIT"
    },
    "node_modules/@pnp/common": {
      "version": "2.15.0",
      "resolved": "https://registry.npmjs.org/@pnp/common/-/common-2.15.0.tgz",
      "integrity": "sha512-lyK5LIet6xh0wXPvnMpOKU7cK1aRuLAJK+TxWUsg44fmoda4w316pWycTyWelaJYXnqZT2OOoz996Zpkc6t76w==",
      "license": "MIT",
      "dependencies": {
        "tslib": "2.3.0"
      },
      "funding": {
        "type": "individual",
        "url": "https://github.com/sponsors/patrick-rodgers/"
      }
    },
    "node_modules/@pnp/common/node_modules/tslib": {
      "version": "2.3.0",
      "resolved": "https://registry.npmjs.org/tslib/-/tslib-2.3.0.tgz",
      "integrity": "sha512-N82ooyxVNm6h1riLCoyS9e3fuJ3AMG2zIZs2Gd1ATcSFjSA23Q0fzjjZeh0jbJvWVDZ0cJT8yaNNaaXHzueNjg==",
      "license": "0BSD"
    },
    "node_modules/@pnp/core": {
      "version": "4.7.0",
      "resolved": "https://registry.npmjs.org/@pnp/core/-/core-4.7.0.tgz",
      "integrity": "sha512-Ef34WXtHS732nWQV5qm6wIPQdVdI9FLUFswnlWZSujCtbn1/3sq71oobQNmcYvTogQVj96/qTfS102tLQ/fkag==",
      "license": "MIT",
      "dependencies": {
        "tslib": "2.7.0"
      },
      "engines": {
        "node": ">=18.12.0"
      },
      "funding": {
        "type": "individual",
        "url": "https://github.com/sponsors/patrick-rodgers/"
      }
    },
    "node_modules/@pnp/graph": {
      "version": "4.7.0",
      "resolved": "https://registry.npmjs.org/@pnp/graph/-/graph-4.7.0.tgz",
      "integrity": "sha512-59gvjlAGPykmLs8PyiBb3ZyLVWk2JBh2EsEmz2GShyINXD1c46Nxfgz0sv9rAEV9efGs7mk8yk9zHIL01e/A2Q==",
      "license": "MIT",
      "dependencies": {
        "@microsoft/microsoft-graph-types": "2.40.0",
        "@pnp/core": "4.7.0",
        "@pnp/queryable": "4.7.0",
        "tslib": "2.7.0"
      },
      "engines": {
        "node": ">=18.12.0"
      },
      "funding": {
        "type": "individual",
        "url": "https://github.com/sponsors/patrick-rodgers/"
      }
    },
    "node_modules/@pnp/logging": {
      "version": "4.7.0",
      "resolved": "https://registry.npmjs.org/@pnp/logging/-/logging-4.7.0.tgz",
      "integrity": "sha512-OiM/YH9QWeAHXGRBrYd9dqT6+OjzS4XXGP3EDAbJ3MxM5+D7/3d2QFiYCnmUuANpnNBUgLeOJjDfWbkmbvUASA==",
      "license": "MIT",
      "dependencies": {
        "tslib": "2.7.0"
      },
      "engines": {
        "node": ">=18.12.0"
      },
      "funding": {
        "type": "individual",
        "url": "https://github.com/sponsors/patrick-rodgers/"
      }
    },
    "node_modules/@pnp/odata": {
      "version": "2.15.0",
      "resolved": "https://registry.npmjs.org/@pnp/odata/-/odata-2.15.0.tgz",
      "integrity": "sha512-FFwdGi138etmgHVYY4BmsT7ytd3X2Q6AFRqU2UEoyIJW0YLXpj3s46pS4Ia1uTafJpF9/xEy5BAVYHq9dZNn8Q==",
      "license": "MIT",
      "dependencies": {
        "@pnp/common": "2.15.0",
        "@pnp/logging": "2.15.0",
        "tslib": "2.3.0"
      },
      "funding": {
        "type": "individual",
        "url": "https://github.com/sponsors/patrick-rodgers/"
      }
    },
    "node_modules/@pnp/odata/node_modules/@pnp/logging": {
      "version": "2.15.0",
      "resolved": "https://registry.npmjs.org/@pnp/logging/-/logging-2.15.0.tgz",
      "integrity": "sha512-rgpQl38AR3d/HJE6OxoTnAYx3DiaWmWmbMPlDvP26uxvtjdFKAkBriuAdVFWrVTTVupNZdqsMfEbr+YVG+tTBA==",
      "license": "MIT",
      "dependencies": {
        "tslib": "2.3.0"
      },
      "funding": {
        "type": "individual",
        "url": "https://github.com/sponsors/patrick-rodgers/"
      }
    },
    "node_modules/@pnp/odata/node_modules/tslib": {
      "version": "2.3.0",
      "resolved": "https://registry.npmjs.org/tslib/-/tslib-2.3.0.tgz",
      "integrity": "sha512-N82ooyxVNm6h1riLCoyS9e3fuJ3AMG2zIZs2Gd1ATcSFjSA23Q0fzjjZeh0jbJvWVDZ0cJT8yaNNaaXHzueNjg==",
      "license": "0BSD"
    },
    "node_modules/@pnp/queryable": {
      "version": "4.7.0",
      "resolved": "https://registry.npmjs.org/@pnp/queryable/-/queryable-4.7.0.tgz",
      "integrity": "sha512-tNZowdYDq+nfqT2LJY5Ru1rvXSaUYcZ/H4GGptJhpi4O1hdpAODeSus8cEmtYcpEEljal7exguDw8Ga2XcLURg==",
      "license": "MIT",
      "dependencies": {
        "@pnp/core": "4.7.0",
        "tslib": "2.7.0"
      },
      "engines": {
        "node": ">=18.12.0"
      },
      "funding": {
        "type": "individual",
        "url": "https://github.com/sponsors/patrick-rodgers/"
      }
    },
    "node_modules/@pnp/sp": {
      "version": "4.7.0",
      "resolved": "https://registry.npmjs.org/@pnp/sp/-/sp-4.7.0.tgz",
      "integrity": "sha512-dTZnvHRTocIDdk26vZQHjthsrTpIssDVcGGb6UvyloJ/BFtsaBfAzrq8PU8bpEYXL0XxTHChK/A0Oq84HDGC7g==",
      "license": "MIT",
      "dependencies": {
        "@pnp/core": "4.7.0",
        "@pnp/queryable": "4.7.0",
        "tslib": "2.7.0"
      },
      "engines": {
        "node": ">=18.12.0"
      },
      "funding": {
        "type": "individual",
        "url": "https://github.com/sponsors/patrick-rodgers/"
      }
    },
    "node_modules/tslib": {
      "version": "2.7.0",
      "resolved": "https://registry.npmjs.org/tslib/-/tslib-2.7.0.tgz",
      "integrity": "sha512-gLXCKdN1/j47AiHiOkJN69hJmcbGTHI0ImLmbYLHykhgeN0jVGola9yVjFgzCUklsZQMW55o+dW7IXv3RCXDzA==",
      "license": "0BSD"
    }
  }
}
